
Microsoft Visual Studio Solution File, Format Version 12.00
# Visual Studio Version 17
VisualStudioVersion = 17.7.34031.279
MinimumVisualStudioVersion = 10.0.40219.1
Project("{FAE04EC0-301F-11D3-BF4B-00C04F79EFBC}") = "pet-store-client", "pet-store-client.csproj", "{88C22417-90F9-4626-A04B-E61BC9C80E3A}"
EndProject
Global
	GlobalSection(SolutionConfigurationPlatforms) = preSolution
		Debug|Any CPU = Debug|Any CPU
		Release|Any CPU = Release|Any CPU
	EndGlobalSection
	GlobalSection(ProjectConfigurationPlatforms) = postSolution
		{88C22417-90F9-4626-A04B-E61BC9C80E3A}.Debug|Any CPU.ActiveCfg = Debug|Any CPU
		{88C22417-90F9-4626-A04B-E61BC9C80E3A}.Debug|Any CPU.Build.0 = Debug|Any CPU
		{88C22417-90F9-4626-A04B-E61BC9C80E3A}.Release|Any CPU.ActiveCfg = Release|Any CPU
		{88C22417-90F9-4626-A04B-E61BC9C80E3A}.Release|Any CPU.Build.0 = Release|Any CPU
	EndGlobalSection
	GlobalSection(SolutionProperties) = preSolution
		HideSolutionNode = FALSE
	EndGlobalSection
	GlobalSection(ExtensibilityGlobals) = postSolution
		SolutionGuid = {B4AE9652-2AFC-44B0-A80C-D5F320FBFAE7}
	EndGlobalSection
EndGlobal
